// !$*UTF8*$!
{
	archiveVersion = 1;
	classes = {
	};
	objectVersion = 56;
	objects = {

/* Begin PBXBuildFile section */
		F6DD1F2F2AE1319900A4BF97 /* AppDelegate.swift in Sources */ = {isa = PBXBuildFile; fileRef = F6DD1F2E2AE1319900A4BF97 /* AppDelegate.swift */; };
		F6DD1F312AE1319900A4BF97 /* SceneDelegate.swift in Sources */ = {isa = PBXBuildFile; fileRef = F6DD1F302AE1319900A4BF97 /* SceneDelegate.swift */; };
		F6DD1F332AE1319900A4BF97 /* ViewController.swift in Sources */ = {isa = PBXBuildFile; fileRef = F6DD1F322AE1319900A4BF97 /* ViewController.swift */; };
		F6DD1F362AE1319900A4BF97 /* Main.storyboard in Resources */ = {isa = PBXBuildFile; fileRef = F6DD1F342AE1319900A4BF97 /* Main.storyboard */; };
		F6DD1F382AE1319A00A4BF97 /* Assets.xcassets in Resources */ = {isa = PBXBuildFile; fileRef = F6DD1F372AE1319A00A4BF97 /* Assets.xcassets */; };
		F6DD1F3B2AE1319A00A4BF97 /* LaunchScreen.storyboard in Resources */ = {isa = PBXBuildFile; fileRef = F6DD1F392AE1319A00A4BF97 /* LaunchScreen.storyboard */; };
		F6DD1F462AE1319A00A4BF97 /* TodayTests.swift in Sources */ = {isa = PBXBuildFile; fileRef = F6DD1F452AE1319A00A4BF97 /* TodayTests.swift */; };
		F6DD1F502AE1319A00A4BF97 /* TodayUITests.swift in Sources */ = {isa = PBXBuildFile; fileRef = F6DD1F4F2AE1319A00A4BF97 /* TodayUITests.swift */; };
		F6DD1F522AE1319A00A4BF97 /* TodayUITestsLaunchTests.swift in Sources */ = {isa = PBXBuildFile; fileRef = F6DD1F512AE1319A00A4BF97 /* TodayUITestsLaunchTests.swift */; };
/* End PBXBuildFile section */

/* Begin PBXContainerItemProxy section */
		F6DD1F422AE1319A00A4BF97 /* PBXContainerItemProxy */ = {
			isa = PBXContainerItemProxy;
			containerPortal = F6DD1F232AE1319900A4BF97 /* Project object */;
			proxyType = 1;
			remoteGlobalIDString = F6DD1F2A2AE1319900A4BF97;
			remoteInfo = Today;
		};
		F6DD1F4C2AE1319A00A4BF97 /* PBXContainerItemProxy */ = {
			isa = PBXContainerItemProxy;
			containerPortal = F6DD1F232AE1319900A4BF97 /* Project object */;
			proxyType = 1;
			remoteGlobalIDString = F6DD1F2A2AE1319900A4BF97;
			remoteInfo = Today;
		};
/* End PBXContainerItemProxy section */

/* Begin PBXFileReference section */
		F6DD1F2B2AE1319900A4BF97 /* Today.app */ = {isa = PBXFileReference; explicitFileType = wrapper.application; includeInIndex = 0; path = Today.app; sourceTree = BUILT_PRODUCTS_DIR; };
		F6DD1F2E2AE1319900A4BF97 /* AppDelegate.swift */ = {isa = PBXFileReference; lastKnownFileType = sourcecode.swift; path = AppDelegate.swift; sourceTree = "<group>"; };
		F6DD1F302AE1319900A4BF97 /* SceneDelegate.swift */ = {isa = PBXFileReference; lastKnownFileType = sourcecode.swift; path = SceneDelegate.swift; sourceTree = "<group>"; };
		F6DD1F322AE1319900A4BF97 /* ViewController.swift */ = {isa = PBXFileReference; lastKnownFileType = sourcecode.swift; path = ViewController.swift; sourceTree = "<group>"; };
		F6DD1F352AE1319900A4BF97 /* Base */ = {isa = PBXFileReference; lastKnownFileType = file.storyboard; name = Base; path = Base.lproj/Main.storyboard; sourceTree = "<group>"; };
		F6DD1F372AE1319A00A4BF97 /* Assets.xcassets */ = {isa = PBXFileReference; lastKnownFileType = folder.assetcatalog; path = Assets.xcassets; sourceTree = "<group>"; };
		F6DD1F3A2AE1319A00A4BF97 /* Base */ = {isa = PBXFileReference; lastKnownFileType = file.storyboard; name = Base; path = Base.lproj/LaunchScreen.storyboard; sourceTree = "<group>"; };
		F6DD1F3C2AE1319A00A4BF97 /* Info.plist */ = {isa = PBXFileReference; lastKnownFileType = text.plist.xml; path = Info.plist; sourceTree = "<group>"; };
		F6DD1F412AE1319A00A4BF97 /* TodayTests.xctest */ = {isa = PBXFileReference; explicitFileType = wrapper.cfbundle; includeInIndex = 0; path = TodayTests.xctest; sourceTree = BUILT_PRODUCTS_DIR; };
		F6DD1F452AE1319A00A4BF97 /* TodayTests.swift */ = {isa = PBXFileReference; lastKnownFileType = sourcecode.swift; path = TodayTests.swift; sourceTree = "<group>"; };
		F6DD1F4B2AE1319A00A4BF97 /* TodayUITests.xctest */ = {isa = PBXFileReference; explicitFileType = wrapper.cfbundle; includeInIndex = 0; path = TodayUITests.xctest; sourceTree = BUILT_PRODUCTS_DIR; };
		F6DD1F4F2AE1319A00A4BF97 /* TodayUITests.swift */ = {isa = PBXFileReference; lastKnownFileType = sourcecode.swift; path = TodayUITests.swift; sourceTree = "<group>"; };
		F6DD1F512AE1319A00A4BF97 /* TodayUITestsLaunchTests.swift */ = {isa = PBXFileReference; lastKnownFileType = sourcecode.swift; path = TodayUITestsLaunchTests.swift; sourceTree = "<group>"; };
/* End PBXFileReference section */

/* Begin PBXFrameworksBuildPhase section */
		F6DD1F282AE1319900A4BF97 /* Frameworks */ = {
			isa = PBXFrameworksBuildPhase;
			buildActionMask = 2147483647;
			files = (
			);
			runOnlyForDeploymentPostprocessing = 0;
		};
		F6DD1F3E2AE1319A00A4BF97 /* Frameworks */ = {
			isa = PBXFrameworksBuildPhase;
			buildActionMask = 2147483647;
			files = (
			);
			runOnlyForDeploymentPostprocessing = 0;
		};
		F6DD1F482AE1319A00A4BF97 /* Frameworks */ = {
			isa = PBXFrameworksBuildPhase;
			buildActionMask = 2147483647;
			files = (
			);
			runOnlyForDeploymentPostprocessing = 0;
		};
/* End PBXFrameworksBuildPhase section */

/* Begin PBXGroup section */
		F6DD1F222AE1319900A4BF97 = {
			isa = PBXGroup;
			children = (
				F6DD1F2D2AE1319900A4BF97 /* Today */,
				F6DD1F442AE1319A00A4BF97 /* TodayTests */,
				F6DD1F4E2AE1319A00A4BF97 /* TodayUITests */,
				F6DD1F2C2AE1319900A4BF97 /* Products */,
			);
			sourceTree = "<group>";
		};
		F6DD1F2C2AE1319900A4BF97 /* Products */ = {
			isa = PBXGroup;
			children = (
				F6DD1F2B2AE1319900A4BF97 /* Today.app */,
				F6DD1F412AE1319A00A4BF97 /* TodayTests.xctest */,
				F6DD1F4B2AE1319A00A4BF97 /* TodayUITests.xctest */,
			);
			name = Products;
			sourceTree = "<group>";
		};
		F6DD1F2D2AE1319900A4BF97 /* Today */ = {
			isa = PBXGroup;
			children = (
				F6DD1F2E2AE1319900A4BF97 /* AppDelegate.swift */,
				F6DD1F302AE1319900A4BF97 /* SceneDelegate.swift */,
				F6DD1F322AE1319900A4BF97 /* ViewController.swift */,
				F6DD1F342AE1319900A4BF97 /* Main.storyboard */,
				F6DD1F372AE1319A00A4BF97 /* Assets.xcassets */,
				F6DD1F392AE1319A00A4BF97 /* LaunchScreen.storyboard */,
				F6DD1F3C2AE1319A00A4BF97 /* Info.plist */,
			);
			path = Today;
			sourceTree = "<group>";
		};
		F6DD1F442AE1319A00A4BF97 /* TodayTests */ = {
			isa = PBXGroup;
			children = (
				F6DD1F452AE1319A00A4BF97 /* TodayTests.swift */,
			);
			path = TodayTests;
			sourceTree = "<group>";
		};
		F6DD1F4E2AE1319A00A4BF97 /* TodayUITests */ = {
			isa = PBXGroup;
			children = (
				F6DD1F4F2AE1319A00A4BF97 /* TodayUITests.swift */,
				F6DD1F512AE1319A00A4BF97 /* TodayUITestsLaunchTests.swift */,
			);
			path = TodayUITests;
			sourceTree = "<group>";
		};
/* End PBXGroup section */

/* Begin PBXNativeTarget section */
		F6DD1F2A2AE1319900A4BF97 /* Today */ = {
			isa = PBXNativeTarget;
			buildConfigurationList = F6DD1F552AE1319A00A4BF97 /* Build configuration list for PBXNativeTarget "Today" */;
			buildPhases = (
				F6DD1F272AE1319900A4BF97 /* Sources */,
				F6DD1F282AE1319900A4BF97 /* Frameworks */,
				F6DD1F292AE1319900A4BF97 /* Resources */,
			);
			buildRules = (
			);
			dependencies = (
			);
			name = Today;
			productName = Today;
			productReference = F6DD1F2B2AE1319900A4BF97 /* Today.app */;
			productType = "com.apple.product-type.application";
		};
		F6DD1F402AE1319A00A4BF97 /* TodayTests */ = {
			isa = PBXNativeTarget;
			buildConfigurationList = F6DD1F582AE1319A00A4BF97 /* Build configuration list for PBXNativeTarget "TodayTests" */;
			buildPhases = (
				F6DD1F3D2AE1319A00A4BF97 /* Sources */,
				F6DD1F3E2AE1319A00A4BF97 /* Frameworks */,
				F6DD1F3F2AE1319A00A4BF97 /* Resources */,
			);
			buildRules = (
			);
			dependencies = (
				F6DD1F432AE1319A00A4BF97 /* PBXTargetDependency */,
			);
			name = TodayTests;
			productName = TodayTests;
			productReference = F6DD1F412AE1319A00A4BF97 /* TodayTests.xctest */;
			productType = "com.apple.product-type.bundle.unit-test";
		};
		F6DD1F4A2AE1319A00A4BF97 /* TodayUITests */ = {
			isa = PBXNativeTarget;
			buildConfigurationList = F6DD1F5B2AE1319A00A4BF97 /* Build configuration list for PBXNativeTarget "TodayUITests" */;
			buildPhases = (
				F6DD1F472AE1319A00A4BF97 /* Sources */,
				F6DD1F482AE1319A00A4BF97 /* Frameworks */,
				F6DD1F492AE1319A00A4BF97 /* Resources */,
			);
			buildRules = (
			);
			dependencies = (
				F6DD1F4D2AE1319A00A4BF97 /* PBXTargetDependency */,
			);
			name = TodayUITests;
			productName = TodayUITests;
			productReference = F6DD1F4B2AE1319A00A4BF97 /* TodayUITests.xctest */;
			productType = "com.apple.product-type.bundle.ui-testing";
		};
/* End PBXNativeTarget section */

/* Begin PBXProject section */
		F6DD1F232AE1319900A4BF97 /* Project object */ = {
			isa = PBXProject;
			attributes = {
				BuildIndependentTargetsInParallel = 1;
				LastSwiftUpdateCheck = 1500;
				LastUpgradeCheck = 1500;
				TargetAttributes = {
					F6DD1F2A2AE1319900A4BF97 = {
						CreatedOnToolsVersion = 15.0;
					};
					F6DD1F402AE1319A00A4BF97 = {
						CreatedOnToolsVersion = 15.0;
						TestTargetID = F6DD1F2A2AE1319900A4BF97;
					};
					F6DD1F4A2AE1319A00A4BF97 = {
						CreatedOnToolsVersion = 15.0;
						TestTargetID = F6DD1F2A2AE1319900A4BF97;
					};
				};
			};
			buildConfigurationList = F6DD1F262AE1319900A4BF97 /* Build configuration list for PBXProject "Today" */;
			compatibilityVersion = "Xcode 14.0";
			developmentRegion = en;
			hasScannedForEncodings = 0;
			knownRegions = (
				en,
				Base,
			);
			mainGroup = F6DD1F222AE1319900A4BF97;
			productRefGroup = F6DD1F2C2AE1319900A4BF97 /* Products */;
			projectDirPath = "";
			projectRoot = "";
			targets = (
				F6DD1F2A2AE1319900A4BF97 /* Today */,
				F6DD1F402AE1319A00A4BF97 /* TodayTests */,
				F6DD1F4A2AE1319A00A4BF97 /* TodayUITests */,
			);
		};
/* End PBXProject section */

/* Begin PBXResourcesBuildPhase section */
		F6DD1F292AE1319900A4BF97 /* Resources */ = {
			isa = PBXResourcesBuildPhase;
			buildActionMask = 2147483647;
			files = (
				F6DD1F3B2AE1319A00A4BF97 /* LaunchScreen.storyboard in Resources */,
				F6DD1F382AE1319A00A4BF97 /* Assets.xcassets in Resources */,
				F6DD1F362AE1319900A4BF97 /* Main.storyboard in Resources */,
			);
			runOnlyForDeploymentPostprocessing = 0;
		};
		F6DD1F3F2AE1319A00A4BF97 /* Resources */ = {
			isa = PBXResourcesBuildPhase;
			buildActionMask = 2147483647;
			files = (
			);
			runOnlyForDeploymentPostprocessing = 0;
		};
		F6DD1F492AE1319A00A4BF97 /* Resources */ = {
			isa = PBXResourcesBuildPhase;
			buildActionMask = 2147483647;
			files = (
			);
			runOnlyForDeploymentPostprocessing = 0;
		};
/* End PBXResourcesBuildPhase section */

/* Begin PBXSourcesBuildPhase section */
		F6DD1F272AE1319900A4BF97 /* Sources */ = {
			isa = PBXSourcesBuildPhase;
			buildActionMask = 2147483647;
			files = (
				F6DD1F332AE1319900A4BF97 /* ViewController.swift in Sources */,
				F6DD1F2F2AE1319900A4BF97 /* AppDelegate.swift in Sources */,
				F6DD1F312AE1319900A4BF97 /* SceneDelegate.swift in Sources */,
			);
			runOnlyForDeploymentPostprocessing = 0;
		};
		F6DD1F3D2AE1319A00A4BF97 /* Sources */ = {
			isa = PBXSourcesBuildPhase;
			buildActionMask = 2147483647;
			files = (
				F6DD1F462AE1319A00A4BF97 /* TodayTests.swift in Sources */,
			);
			runOnlyForDeploymentPostprocessing = 0;
		};
		F6DD1F472AE1319A00A4BF97 /* Sources */ = {
			isa = PBXSourcesBuildPhase;
			buildActionMask = 2147483647;
			files = (
				F6DD1F522AE1319A00A4BF97 /* TodayUITestsLaunchTests.swift in Sources */,
				F6DD1F502AE1319A00A4BF97 /* TodayUITests.swift in Sources */,
			);
			runOnlyForDeploymentPostprocessing = 0;
		};
/* End PBXSourcesBuildPhase section */

/* Begin PBXTargetDependency section */
		F6DD1F432AE1319A00A4BF97 /* PBXTargetDependency */ = {
			isa = PBXTargetDependency;
			target = F6DD1F2A2AE1319900A4BF97 /* Today */;
			targetProxy = F6DD1F422AE1319A00A4BF97 /* PBXContainerItemProxy */;
		};
		F6DD1F4D2AE1319A00A4BF97 /* PBXTargetDependency */ = {
			isa = PBXTargetDependency;
			target = F6DD1F2A2AE1319900A4BF97 /* Today */;
			targetProxy = F6DD1F4C2AE1319A00A4BF97 /* PBXContainerItemProxy */;
		};
/* End PBXTargetDependency section */

/* Begin PBXVariantGroup section */
		F6DD1F342AE1319900A4BF97 /* Main.storyboard */ = {
			isa = PBXVariantGroup;
			children = (
				F6DD1F352AE1319900A4BF97 /* Base */,
			);
			name = Main.storyboard;
			sourceTree = "<group>";
		};
		F6DD1F392AE1319A00A4BF97 /* LaunchScreen.storyboard */ = {
			isa = PBXVariantGroup;
			children = (
				F6DD1F3A2AE1319A00A4BF97 /* Base */,
			);
			name = LaunchScreen.storyboard;
			sourceTree = "<group>";
		};
/* End PBXVariantGroup section */

/* Begin XCBuildConfiguration section */
		F6DD1F532AE1319A00A4BF97 /* Debug */ = {
			isa = XCBuildConfiguration;
			buildSettings = {
				ALWAYS_SEARCH_USER_PATHS = NO;
				ASSETCATALOG_COMPILER_GENERATE_SWIFT_ASSET_SYMBOL_EXTENSIONS = YES;
				CLANG_ANALYZER_NONNULL = YES;
				CLANG_ANALYZER_NUMBER_OBJECT_CONVERSION = YES_AGGRESSIVE;
				CLANG_CXX_LANGUAGE_STANDARD = "gnu++20";
				CLANG_ENABLE_MODULES = YES;
				CLANG_ENABLE_OBJC_ARC = YES;
				CLANG_ENABLE_OBJC_WEAK = YES;
				CLANG_WARN_BLOCK_CAPTURE_AUTORELEASING = YES;
				CLANG_WARN_BOOL_CONVERSION = YES;
				CLANG_WARN_COMMA = YES;
				CLANG_WARN_CONSTANT_CONVERSION = YES;
				CLANG_WARN_DEPRECATED_OBJC_IMPLEMENTATIONS = YES;
				CLANG_WARN_DIRECT_OBJC_ISA_USAGE = YES_ERROR;
				CLANG_WARN_DOCUMENTATION_COMMENTS = YES;
				CLANG_WARN_EMPTY_BODY = YES;
				CLANG_WARN_ENUM_CONVERSION = YES;
				CLANG_WARN_INFINITE_RECURSION = YES;
				CLANG_WARN_INT_CONVERSION = YES;
				CLANG_WARN_NON_LITERAL_NULL_CONVERSION = YES;
				CLANG_WARN_OBJC_IMPLICIT_RETAIN_SELF = YES;
				CLANG_WARN_OBJC_LITERAL_CONVERSION = YES;
				CLANG_WARN_OBJC_ROOT_CLASS = YES_ERROR;
				CLANG_WARN_QUOTED_INCLUDE_IN_FRAMEWORK_HEADER = YES;
				CLANG_WARN_RANGE_LOOP_ANALYSIS = YES;
				CLANG_WARN_STRICT_PROTOTYPES = YES;
				CLANG_WARN_SUSPICIOUS_MOVE = YES;
				CLANG_WARN_UNGUARDED_AVAILABILITY = YES_AGGRESSIVE;
				CLANG_WARN_UNREACHABLE_CODE = YES;
				CLANG_WARN__DUPLICATE_METHOD_MATCH = YES;
				COPY_PHASE_STRIP = NO;
				DEBUG_INFORMATION_FORMAT = dwarf;
				ENABLE_STRICT_OBJC_MSGSEND = YES;
				ENABLE_TESTABILITY = YES;
				ENABLE_USER_SCRIPT_SANDBOXING = YES;
				GCC_C_LANGUAGE_STANDARD = gnu17;
				GCC_DYNAMIC_NO_PIC = NO;
				GCC_NO_COMMON_BLOCKS = YES;
				GCC_OPTIMIZATION_LEVEL = 0;
				GCC_PREPROCESSOR_DEFINITIONS = (
					"DEBUG=1",
					"$(inherited)",
				);
				GCC_WARN_64_TO_32_BIT_CONVERSION = YES;
				GCC_WARN_ABOUT_RETURN_TYPE = YES_ERROR;
				GCC_WARN_UNDECLARED_SELECTOR = YES;
				GCC_WARN_UNINITIALIZED_AUTOS = YES_AGGRESSIVE;
				GCC_WARN_UNUSED_FUNCTION = YES;
				GCC_WARN_UNUSED_VARIABLE = YES;
				IPHONEOS_DEPLOYMENT_TARGET = 17.0;
				LOCALIZATION_PREFERS_STRING_CATALOGS = YES;
				MTL_ENABLE_DEBUG_INFO = INCLUDE_SOURCE;
				MTL_FAST_MATH = YES;
				ONLY_ACTIVE_ARCH = YES;
				SDKROOT = iphoneos;
				SWIFT_ACTIVE_COMPILATION_CONDITIONS = "DEBUG $(inherited)";
				SWIFT_OPTIMIZATION_LEVEL = "-Onone";
			};
			name = Debug;
		};
		F6DD1F542AE1319A00A4BF97 /* Release */ = {
			isa = XCBuildConfiguration;
			buildSettings = {
				ALWAYS_SEARCH_USER_PATHS = NO;
				ASSETCATALOG_COMPILER_GENERATE_SWIFT_ASSET_SYMBOL_EXTENSIONS = YES;
				CLANG_ANALYZER_NONNULL = YES;
				CLANG_ANALYZER_NUMBER_OBJECT_CONVERSION = YES_AGGRESSIVE;
				CLANG_CXX_LANGUAGE_STANDARD = "gnu++20";
				CLANG_ENABLE_MODULES = YES;
				CLANG_ENABLE_OBJC_ARC = YES;
				CLANG_ENABLE_OBJC_WEAK = YES;
				CLANG_WARN_BLOCK_CAPTURE_AUTORELEASING = YES;
				CLANG_WARN_BOOL_CONVERSION = YES;
				CLANG_WARN_COMMA = YES;
				CLANG_WARN_CONSTANT_CONVERSION = YES;
				CLANG_WARN_DEPRECATED_OBJC_IMPLEMENTATIONS = YES;
				CLANG_WARN_DIRECT_OBJC_ISA_USAGE = YES_ERROR;
				CLANG_WARN_DOCUMENTATION_COMMENTS = YES;
				CLANG_WARN_EMPTY_BODY = YES;
				CLANG_WARN_ENUM_CONVERSION = YES;
				CLANG_WARN_INFINITE_RECURSION = YES;
				CLANG_WARN_INT_CONVERSION = YES;
				CLANG_WARN_NON_LITERAL_NULL_CONVERSION = YES;
				CLANG_WARN_OBJC_IMPLICIT_RETAIN_SELF = YES;
				CLANG_WARN_OBJC_LITERAL_CONVERSION = YES;
				CLANG_WARN_OBJC_ROOT_CLASS = YES_ERROR;
				CLANG_WARN_QUOTED_INCLUDE_IN_FRAMEWORK_HEADER = YES;
				CLANG_WARN_RANGE_LOOP_ANALYSIS = YES;
				CLANG_WARN_STRICT_PROTOTYPES = YES;
				CLANG_WARN_SUSPICIOUS_MOVE = YES;
				CLANG_WARN_UNGUARDED_AVAILABILITY = YES_AGGRESSIVE;
				CLANG_WARN_UNREACHABLE_CODE = YES;
				CLANG_WARN__DUPLICATE_METHOD_MATCH = YES;
				COPY_PHASE_STRIP = NO;
				DEBUG_INFORMATION_FORMAT = "dwarf-with-dsym";
				ENABLE_NS_ASSERTIONS = NO;
				ENABLE_STRICT_OBJC_MSGSEND = YES;
				ENABLE_USER_SCRIPT_SANDBOXING = YES;
				GCC_C_LANGUAGE_STANDARD = gnu17;
				GCC_NO_COMMON_BLOCKS = YES;
				GCC_WARN_64_TO_32_BIT_CONVERSION = YES;
				GCC_WARN_ABOUT_RETURN_TYPE = YES_ERROR;
				GCC_WARN_UNDECLARED_SELECTOR = YES;
				GCC_WARN_UNINITIALIZED_AUTOS = YES_AGGRESSIVE;
				GCC_WARN_UNUSED_FUNCTION = YES;
				GCC_WARN_UNUSED_VARIABLE = YES;
				IPHONEOS_DEPLOYMENT_TARGET = 17.0;
				LOCALIZATION_PREFERS_STRING_CATALOGS = YES;
				MTL_ENABLE_DEBUG_INFO = NO;
				MTL_FAST_MATH = YES;
				SDKROOT = iphoneos;
				SWIFT_COMPILATION_MODE = wholemodule;
				VALIDATE_PRODUCT = YES;
			};
			name = Release;
		};
		F6DD1F562AE1319A00A4BF97 /* Debug */ = {
			isa = XCBuildConfiguration;
			buildSettings = {
				ASSETCATALOG_COMPILER_APPICON_NAME = AppIcon;
				ASSETCATALOG_COMPILER_GLOBAL_ACCENT_COLOR_NAME = AccentColor;
				CODE_SIGN_STYLE = Automatic;
				CURRENT_PROJECT_VERSION = 1;
				DEVELOPMENT_TEAM = 3P83K7458R;
				GENERATE_INFOPLIST_FILE = YES;
				INFOPLIST_FILE = Today/Info.plist;
				INFOPLIST_KEY_UIApplicationSupportsIndirectInputEvents = YES;
				INFOPLIST_KEY_UILaunchStoryboardName = LaunchScreen;
				INFOPLIST_KEY_UIMainStoryboardFile = Main;
				INFOPLIST_KEY_UISupportedInterfaceOrientations_iPad = "UIInterfaceOrientationPortrait UIInterfaceOrientationPortraitUpsideDown UIInterfaceOrientationLandscapeLeft UIInterfaceOrientationLandscapeRight";
				INFOPLIST_KEY_UISupportedInterfaceOrientations_iPhone = "UIInterfaceOrientationPortrait UIInterfaceOrientationLandscapeLeft UIInterfaceOrientationLandscapeRight";
				LD_RUNPATH_SEARCH_PATHS = (
					"$(inherited)",
					"@executable_path/Frameworks",
				);
				MARKETING_VERSION = 1.0;
				PRODUCT_BUNDLE_IDENTIFIER = test.Today;
				PRODUCT_NAME = "$(TARGET_NAME)";
				SWIFT_EMIT_LOC_STRINGS = YES;
				SWIFT_VERSION = 5.0;
				TARGETED_DEVICE_FAMILY = "1,2";
			};
			name = Debug;
		};
		F6DD1F572AE1319A00A4BF97 /* Release */ = {
			isa = XCBuildConfiguration;
			buildSettings = {
				ASSETCATALOG_COMPILER_APPICON_NAME = AppIcon;
				ASSETCATALOG_COMPILER_GLOBAL_ACCENT_COLOR_NAME = AccentColor;
				CODE_SIGN_STYLE = Automatic;
				CURRENT_PROJECT_VERSION = 1;
				DEVELOPMENT_TEAM = 3P83K7458R;
				GENERATE_INFOPLIST_FILE = YES;
				INFOPLIST_FILE = Today/Info.plist;
				INFOPLIST_KEY_UIApplicationSupportsIndirectInputEvents = YES;
				INFOPLIST_KEY_UILaunchStoryboardName = LaunchScreen;
				INFOPLIST_KEY_UIMainStoryboardFile = Main;
				INFOPLIST_KEY_UISupportedInterfaceOrientations_iPad = "UIInterfaceOrientationPortrait UIInterfaceOrientationPortraitUpsideDown UIInterfaceOrientationLandscapeLeft UIInterfaceOrientationLandscapeRight";
				INFOPLIST_KEY_UISupportedInterfaceOrientations_iPhone = "UIInterfaceOrientationPortrait UIInterfaceOrientationLandscapeLeft UIInterfaceOrientationLandscapeRight";
				LD_RUNPATH_SEARCH_PATHS = (
					"$(inherited)",
					"@executable_path/Frameworks",
				);
				MARKETING_VERSION = 1.0;
				PRODUCT_BUNDLE_IDENTIFIER = test.Today;
				PRODUCT_NAME = "$(TARGET_NAME)";
				SWIFT_EMIT_LOC_STRINGS = YES;
				SWIFT_VERSION = 5.0;
				TARGETED_DEVICE_FAMILY = "1,2";
			};
			name = Release;
		};
		F6DD1F592AE1319A00A4BF97 /* Debug */ = {
			isa = XCBuildConfiguration;
			buildSettings = {
				ALWAYS_EMBED_SWIFT_STANDARD_LIBRARIES = YES;
				BUNDLE_LOADER = "$(TEST_HOST)";
				CODE_SIGN_STYLE = Automatic;
				CURRENT_PROJECT_VERSION = 1;
				DEVELOPMENT_TEAM = 3P83K7458R;
				GENERATE_INFOPLIST_FILE = YES;
				IPHONEOS_DEPLOYMENT_TARGET = 17.0;
				MARKETING_VERSION = 1.0;
				PRODUCT_BUNDLE_IDENTIFIER = test.TodayTests;
				PRODUCT_NAME = "$(TARGET_NAME)";
				SWIFT_EMIT_LOC_STRINGS = NO;
				SWIFT_VERSION = 5.0;
				TARGETED_DEVICE_FAMILY = "1,2";
				TEST_HOST = "$(BUILT_PRODUCTS_DIR)/Today.app/$(BUNDLE_EXECUTABLE_FOLDER_PATH)/Today";
			};
			name = Debug;
		};
		F6DD1F5A2AE1319A00A4BF97 /* Release */ = {
			isa = XCBuildConfiguration;
			buildSettings = {
				ALWAYS_EMBED_SWIFT_STANDARD_LIBRARIES = YES;
				BUNDLE_LOADER = "$(TEST_HOST)";
				CODE_SIGN_STYLE = Automatic;
				CURRENT_PROJECT_VERSION = 1;
				DEVELOPMENT_TEAM = 3P83K7458R;
				GENERATE_INFOPLIST_FILE = YES;
				IPHONEOS_DEPLOYMENT_TARGET = 17.0;
				MARKETING_VERSION = 1.0;
				PRODUCT_BUNDLE_IDENTIFIER = test.TodayTests;
				PRODUCT_NAME = "$(TARGET_NAME)";
				SWIFT_EMIT_LOC_STRINGS = NO;
				SWIFT_VERSION = 5.0;
				TARGETED_DEVICE_FAMILY = "1,2";
				TEST_HOST = "$(BUILT_PRODUCTS_DIR)/Today.app/$(BUNDLE_EXECUTABLE_FOLDER_PATH)/Today";
			};
			name = Release;
		};
		F6DD1F5C2AE1319A00A4BF97 /* Debug */ = {
			isa = XCBuildConfiguration;
			buildSettings = {
				ALWAYS_EMBED_SWIFT_STANDARD_LIBRARIES = YES;
				CODE_SIGN_STYLE = Automatic;
				CURRENT_PROJECT_VERSION = 1;
				DEVELOPMENT_TEAM = 3P83K7458R;
				GENERATE_INFOPLIST_FILE = YES;
				MARKETING_VERSION = 1.0;
				PRODUCT_BUNDLE_IDENTIFIER = test.TodayUITests;
				PRODUCT_NAME = "$(TARGET_NAME)";
				SWIFT_EMIT_LOC_STRINGS = NO;
				SWIFT_VERSION = 5.0;
				TARGETED_DEVICE_FAMILY = "1,2";
				TEST_TARGET_NAME = Today;
			};
			name = Debug;
		};
		F6DD1F5D2AE1319A00A4BF97 /* Release */ = {
			isa = XCBuildConfiguration;
			buildSettings = {
				ALWAYS_EMBED_SWIFT_STANDARD_LIBRARIES = YES;
				CODE_SIGN_STYLE = Automatic;
				CURRENT_PROJECT_VERSION = 1;
				DEVELOPMENT_TEAM = 3P83K7458R;
				GENERATE_INFOPLIST_FILE = YES;
				MARKETING_VERSION = 1.0;
				PRODUCT_BUNDLE_IDENTIFIER = test.TodayUITests;
				PRODUCT_NAME = "$(TARGET_NAME)";
				SWIFT_EMIT_LOC_STRINGS = NO;
				SWIFT_VERSION = 5.0;
				TARGETED_DEVICE_FAMILY = "1,2";
				TEST_TARGET_NAME = Today;
			};
			name = Release;
		};
/* End XCBuildConfiguration section */

/* Begin XCConfigurationList section */
		F6DD1F262AE1319900A4BF97 /* Build configuration list for PBXProject "Today" */ = {
			isa = XCConfigurationList;
			buildConfigurations = (
				F6DD1F532AE1319A00A4BF97 /* Debug */,
				F6DD1F542AE1319A00A4BF97 /* Release */,
			);
			defaultConfigurationIsVisible = 0;
			defaultConfigurationName = Release;
		};
		F6DD1F552AE1319A00A4BF97 /* Build configuration list for PBXNativeTarget "Today" */ = {
			isa = XCConfigurationList;
			buildConfigurations = (
				F6DD1F562AE1319A00A4BF97 /* Debug */,
				F6DD1F572AE1319A00A4BF97 /* Release */,
			);
			defaultConfigurationIsVisible = 0;
			defaultConfigurationName = Release;
		};
		F6DD1F582AE1319A00A4BF97 /* Build configuration list for PBXNativeTarget "TodayTests" */ = {
			isa = XCConfigurationList;
			buildConfigurations = (
				F6DD1F592AE1319A00A4BF97 /* Debug */,
				F6DD1F5A2AE1319A00A4BF97 /* Release */,
			);
			defaultConfigurationIsVisible = 0;
			defaultConfigurationName = Release;
		};
		F6DD1F5B2AE1319A00A4BF97 /* Build configuration list for PBXNativeTarget "TodayUITests" */ = {
			isa = XCConfigurationList;
			buildConfigurations = (
				F6DD1F5C2AE1319A00A4BF97 /* Debug */,
				F6DD1F5D2AE1319A00A4BF97 /* Release */,
			);
			defaultConfigurationIsVisible = 0;
			defaultConfigurationName = Release;
		};
/* End XCConfigurationList section */
	};
	rootObject = F6DD1F232AE1319900A4BF97 /* Project object */;
}
