// !$*UTF8*$!
{
	archiveVersion = 1;
	classes = {
	};
	objectVersion = 56;
	objects = {

/* Begin PBXBuildFile section */
		F624F72B2AE3A9A900EE58DA /* ReminderViewController.swift in Sources */ = {isa = PBXBuildFile; fileRef = F624F72A2AE3A9A900EE58DA /* ReminderViewController.swift */; };
		F624F72E2AE3AD7E00EE58DA /* ReminderViewController+Row.swift in Sources */ = {isa = PBXBuildFile; fileRef = F624F72D2AE3AD7E00EE58DA /* ReminderViewController+Row.swift */; };
		F624F7302AE3C04F00EE58DA /* ReminderViewController+Section.swift in Sources */ = {isa = PBXBuildFile; fileRef = F624F72F2AE3C04F00EE58DA /* ReminderViewController+Section.swift */; };
		F624F7332AE3D26200EE58DA /* ReminderViewController+CellConfiguration.swift in Sources */ = {isa = PBXBuildFile; fileRef = F624F7322AE3D26200EE58DA /* ReminderViewController+CellConfiguration.swift */; };
		F624F7362AE3D5E400EE58DA /* UIView+PinnedSubview.swift in Sources */ = {isa = PBXBuildFile; fileRef = F624F7352AE3D5E400EE58DA /* UIView+PinnedSubview.swift */; };
		F624F7382AE3D92500EE58DA /* TextFieldContentView.swift in Sources */ = {isa = PBXBuildFile; fileRef = F624F7372AE3D92500EE58DA /* TextFieldContentView.swift */; };
		F624F73A2AE3DADF00EE58DA /* UIContentConfiguration+Stateless.swift in Sources */ = {isa = PBXBuildFile; fileRef = F624F7392AE3DADF00EE58DA /* UIContentConfiguration+Stateless.swift */; };
		F624F73C2AE3E12E00EE58DA /* TextViewContentView.swift in Sources */ = {isa = PBXBuildFile; fileRef = F624F73B2AE3E12E00EE58DA /* TextViewContentView.swift */; };
		F624F73E2AE3E4A800EE58DA /* DatePickerContentView.swift in Sources */ = {isa = PBXBuildFile; fileRef = F624F73D2AE3E4A800EE58DA /* DatePickerContentView.swift */; };
		F62F4C442AE248EB00DCEE68 /* Date+Today.swift in Sources */ = {isa = PBXBuildFile; fileRef = F62F4C432AE248EB00DCEE68 /* Date+Today.swift */; };
		F62F4C4A2AE25BFF00DCEE68 /* ReminderListViewController+DataSource.swift in Sources */ = {isa = PBXBuildFile; fileRef = F62F4C492AE25BFF00DCEE68 /* ReminderListViewController+DataSource.swift */; };
		F641FA022AE8DF9A00748966 /* TodayError.swift in Sources */ = {isa = PBXBuildFile; fileRef = F641FA012AE8DF9A00748966 /* TodayError.swift */; };
		F641FA042AE8E04800748966 /* EKEventStore+AsyncFetch.swift in Sources */ = {isa = PBXBuildFile; fileRef = F641FA032AE8E04800748966 /* EKEventStore+AsyncFetch.swift */; };
		F641FA062AE8E26200748966 /* Reminder+EKReminder.swift in Sources */ = {isa = PBXBuildFile; fileRef = F641FA052AE8E26200748966 /* Reminder+EKReminder.swift */; };
		F641FA082AE8E37E00748966 /* ReminderStore.swift in Sources */ = {isa = PBXBuildFile; fileRef = F641FA072AE8E37E00748966 /* ReminderStore.swift */; };
		F641FA0A2AE8F7F000748966 /* EKReminder+Reminder.swift in Sources */ = {isa = PBXBuildFile; fileRef = F641FA092AE8F7F000748966 /* EKReminder+Reminder.swift */; };
		F6AA60162AE66069004B0311 /* ReminderListStyle.swift in Sources */ = {isa = PBXBuildFile; fileRef = F6AA60152AE66069004B0311 /* ReminderListStyle.swift */; };
		F6AA60182AE6A22B004B0311 /* ProgressHeaderView.swift in Sources */ = {isa = PBXBuildFile; fileRef = F6AA60172AE6A22B004B0311 /* ProgressHeaderView.swift */; };
		F6AA601A2AE6D09D004B0311 /* CAGradientLayer+ListStyle.swift in Sources */ = {isa = PBXBuildFile; fileRef = F6AA60192AE6D09D004B0311 /* CAGradientLayer+ListStyle.swift */; };
		F6C57D9C2AE2F2A9003C77AD /* ReminderDoneButton.swift in Sources */ = {isa = PBXBuildFile; fileRef = F6C57D9B2AE2F2A9003C77AD /* ReminderDoneButton.swift */; };
		F6C57D9E2AE2F3F2003C77AD /* ReminderListViewController+Actions.swift in Sources */ = {isa = PBXBuildFile; fileRef = F6C57D9D2AE2F3F2003C77AD /* ReminderListViewController+Actions.swift */; };
		F6DD1F2F2AE1319900A4BF97 /* AppDelegate.swift in Sources */ = {isa = PBXBuildFile; fileRef = F6DD1F2E2AE1319900A4BF97 /* AppDelegate.swift */; };
		F6DD1F312AE1319900A4BF97 /* SceneDelegate.swift in Sources */ = {isa = PBXBuildFile; fileRef = F6DD1F302AE1319900A4BF97 /* SceneDelegate.swift */; };
		F6DD1F332AE1319900A4BF97 /* ReminderListViewController.swift in Sources */ = {isa = PBXBuildFile; fileRef = F6DD1F322AE1319900A4BF97 /* ReminderListViewController.swift */; };
		F6DD1F362AE1319900A4BF97 /* Main.storyboard in Resources */ = {isa = PBXBuildFile; fileRef = F6DD1F342AE1319900A4BF97 /* Main.storyboard */; };
		F6DD1F382AE1319A00A4BF97 /* Assets.xcassets in Resources */ = {isa = PBXBuildFile; fileRef = F6DD1F372AE1319A00A4BF97 /* Assets.xcassets */; };
		F6DD1F3B2AE1319A00A4BF97 /* LaunchScreen.storyboard in Resources */ = {isa = PBXBuildFile; fileRef = F6DD1F392AE1319A00A4BF97 /* LaunchScreen.storyboard */; };
		F6DD1F462AE1319A00A4BF97 /* TodayTests.swift in Sources */ = {isa = PBXBuildFile; fileRef = F6DD1F452AE1319A00A4BF97 /* TodayTests.swift */; };
		F6DD1F502AE1319A00A4BF97 /* TodayUITests.swift in Sources */ = {isa = PBXBuildFile; fileRef = F6DD1F4F2AE1319A00A4BF97 /* TodayUITests.swift */; };
		F6DD1F522AE1319A00A4BF97 /* TodayUITestsLaunchTests.swift in Sources */ = {isa = PBXBuildFile; fileRef = F6DD1F512AE1319A00A4BF97 /* TodayUITestsLaunchTests.swift */; };
		F6DD1F602AE1343E00A4BF97 /* Reminder.swift in Sources */ = {isa = PBXBuildFile; fileRef = F6DD1F5F2AE1343E00A4BF97 /* Reminder.swift */; };
/* End PBXBuildFile section */

/* Begin PBXContainerItemProxy section */
		F6DD1F422AE1319A00A4BF97 /* PBXContainerItemProxy */ = {
			isa = PBXContainerItemProxy;
			containerPortal = F6DD1F232AE1319900A4BF97 /* Project object */;
			proxyType = 1;
			remoteGlobalIDString = F6DD1F2A2AE1319900A4BF97;
			remoteInfo = Today;
		};
		F6DD1F4C2AE1319A00A4BF97 /* PBXContainerItemProxy */ = {
			isa = PBXContainerItemProxy;
			containerPortal = F6DD1F232AE1319900A4BF97 /* Project object */;
			proxyType = 1;
			remoteGlobalIDString = F6DD1F2A2AE1319900A4BF97;
			remoteInfo = Today;
		};
/* End PBXContainerItemProxy section */

/* Begin PBXFileReference section */
		F624F72A2AE3A9A900EE58DA /* ReminderViewController.swift */ = {isa = PBXFileReference; lastKnownFileType = sourcecode.swift; path = ReminderViewController.swift; sourceTree = "<group>"; };
		F624F72D2AE3AD7E00EE58DA /* ReminderViewController+Row.swift */ = {isa = PBXFileReference; lastKnownFileType = sourcecode.swift; path = "ReminderViewController+Row.swift"; sourceTree = "<group>"; };
		F624F72F2AE3C04F00EE58DA /* ReminderViewController+Section.swift */ = {isa = PBXFileReference; lastKnownFileType = sourcecode.swift; path = "ReminderViewController+Section.swift"; sourceTree = "<group>"; };
		F624F7322AE3D26200EE58DA /* ReminderViewController+CellConfiguration.swift */ = {isa = PBXFileReference; lastKnownFileType = sourcecode.swift; path = "ReminderViewController+CellConfiguration.swift"; sourceTree = "<group>"; };
		F624F7352AE3D5E400EE58DA /* UIView+PinnedSubview.swift */ = {isa = PBXFileReference; lastKnownFileType = sourcecode.swift; path = "UIView+PinnedSubview.swift"; sourceTree = "<group>"; };
		F624F7372AE3D92500EE58DA /* TextFieldContentView.swift */ = {isa = PBXFileReference; lastKnownFileType = sourcecode.swift; path = TextFieldContentView.swift; sourceTree = "<group>"; };
		F624F7392AE3DADF00EE58DA /* UIContentConfiguration+Stateless.swift */ = {isa = PBXFileReference; lastKnownFileType = sourcecode.swift; path = "UIContentConfiguration+Stateless.swift"; sourceTree = "<group>"; };
		F624F73B2AE3E12E00EE58DA /* TextViewContentView.swift */ = {isa = PBXFileReference; lastKnownFileType = sourcecode.swift; path = TextViewContentView.swift; sourceTree = "<group>"; };
		F624F73D2AE3E4A800EE58DA /* DatePickerContentView.swift */ = {isa = PBXFileReference; lastKnownFileType = sourcecode.swift; path = DatePickerContentView.swift; sourceTree = "<group>"; };
		F62F4C432AE248EB00DCEE68 /* Date+Today.swift */ = {isa = PBXFileReference; lastKnownFileType = sourcecode.swift; path = "Date+Today.swift"; sourceTree = "<group>"; };
		F62F4C492AE25BFF00DCEE68 /* ReminderListViewController+DataSource.swift */ = {isa = PBXFileReference; lastKnownFileType = sourcecode.swift; path = "ReminderListViewController+DataSource.swift"; sourceTree = "<group>"; };
		F641FA012AE8DF9A00748966 /* TodayError.swift */ = {isa = PBXFileReference; lastKnownFileType = sourcecode.swift; path = TodayError.swift; sourceTree = "<group>"; };
		F641FA032AE8E04800748966 /* EKEventStore+AsyncFetch.swift */ = {isa = PBXFileReference; lastKnownFileType = sourcecode.swift; path = "EKEventStore+AsyncFetch.swift"; sourceTree = "<group>"; };
		F641FA052AE8E26200748966 /* Reminder+EKReminder.swift */ = {isa = PBXFileReference; lastKnownFileType = sourcecode.swift; path = "Reminder+EKReminder.swift"; sourceTree = "<group>"; };
		F641FA072AE8E37E00748966 /* ReminderStore.swift */ = {isa = PBXFileReference; lastKnownFileType = sourcecode.swift; path = ReminderStore.swift; sourceTree = "<group>"; };
		F641FA092AE8F7F000748966 /* EKReminder+Reminder.swift */ = {isa = PBXFileReference; lastKnownFileType = sourcecode.swift; path = "EKReminder+Reminder.swift"; sourceTree = "<group>"; };
		F6AA60152AE66069004B0311 /* ReminderListStyle.swift */ = {isa = PBXFileReference; lastKnownFileType = sourcecode.swift; path = ReminderListStyle.swift; sourceTree = "<group>"; };
		F6AA60172AE6A22B004B0311 /* ProgressHeaderView.swift */ = {isa = PBXFileReference; lastKnownFileType = sourcecode.swift; path = ProgressHeaderView.swift; sourceTree = "<group>"; };
		F6AA60192AE6D09D004B0311 /* CAGradientLayer+ListStyle.swift */ = {isa = PBXFileReference; lastKnownFileType = sourcecode.swift; path = "CAGradientLayer+ListStyle.swift"; sourceTree = "<group>"; };
		F6C57D9B2AE2F2A9003C77AD /* ReminderDoneButton.swift */ = {isa = PBXFileReference; lastKnownFileType = sourcecode.swift; path = ReminderDoneButton.swift; sourceTree = "<group>"; };
		F6C57D9D2AE2F3F2003C77AD /* ReminderListViewController+Actions.swift */ = {isa = PBXFileReference; lastKnownFileType = sourcecode.swift; path = "ReminderListViewController+Actions.swift"; sourceTree = "<group>"; };
		F6DD1F2B2AE1319900A4BF97 /* Today.app */ = {isa = PBXFileReference; explicitFileType = wrapper.application; includeInIndex = 0; path = Today.app; sourceTree = BUILT_PRODUCTS_DIR; };
		F6DD1F2E2AE1319900A4BF97 /* AppDelegate.swift */ = {isa = PBXFileReference; lastKnownFileType = sourcecode.swift; path = AppDelegate.swift; sourceTree = "<group>"; };
		F6DD1F302AE1319900A4BF97 /* SceneDelegate.swift */ = {isa = PBXFileReference; lastKnownFileType = sourcecode.swift; path = SceneDelegate.swift; sourceTree = "<group>"; };
		F6DD1F322AE1319900A4BF97 /* ReminderListViewController.swift */ = {isa = PBXFileReference; lastKnownFileType = sourcecode.swift; path = ReminderListViewController.swift; sourceTree = "<group>"; };
		F6DD1F352AE1319900A4BF97 /* Base */ = {isa = PBXFileReference; lastKnownFileType = file.storyboard; name = Base; path = Base.lproj/Main.storyboard; sourceTree = "<group>"; };
		F6DD1F372AE1319A00A4BF97 /* Assets.xcassets */ = {isa = PBXFileReference; lastKnownFileType = folder.assetcatalog; path = Assets.xcassets; sourceTree = "<group>"; };
		F6DD1F3A2AE1319A00A4BF97 /* Base */ = {isa = PBXFileReference; lastKnownFileType = file.storyboard; name = Base; path = Base.lproj/LaunchScreen.storyboard; sourceTree = "<group>"; };
		F6DD1F3C2AE1319A00A4BF97 /* Info.plist */ = {isa = PBXFileReference; lastKnownFileType = text.plist.xml; path = Info.plist; sourceTree = "<group>"; };
		F6DD1F412AE1319A00A4BF97 /* TodayTests.xctest */ = {isa = PBXFileReference; explicitFileType = wrapper.cfbundle; includeInIndex = 0; path = TodayTests.xctest; sourceTree = BUILT_PRODUCTS_DIR; };
		F6DD1F452AE1319A00A4BF97 /* TodayTests.swift */ = {isa = PBXFileReference; lastKnownFileType = sourcecode.swift; path = TodayTests.swift; sourceTree = "<group>"; };
		F6DD1F4B2AE1319A00A4BF97 /* TodayUITests.xctest */ = {isa = PBXFileReference; explicitFileType = wrapper.cfbundle; includeInIndex = 0; path = TodayUITests.xctest; sourceTree = BUILT_PRODUCTS_DIR; };
		F6DD1F4F2AE1319A00A4BF97 /* TodayUITests.swift */ = {isa = PBXFileReference; lastKnownFileType = sourcecode.swift; path = TodayUITests.swift; sourceTree = "<group>"; };
		F6DD1F512AE1319A00A4BF97 /* TodayUITestsLaunchTests.swift */ = {isa = PBXFileReference; lastKnownFileType = sourcecode.swift; path = TodayUITestsLaunchTests.swift; sourceTree = "<group>"; };
		F6DD1F5F2AE1343E00A4BF97 /* Reminder.swift */ = {isa = PBXFileReference; lastKnownFileType = sourcecode.swift; path = Reminder.swift; sourceTree = "<group>"; };
/* End PBXFileReference section */

/* Begin PBXFrameworksBuildPhase section */
		F6DD1F282AE1319900A4BF97 /* Frameworks */ = {
			isa = PBXFrameworksBuildPhase;
			buildActionMask = 2147483647;
			files = (
			);
			runOnlyForDeploymentPostprocessing = 0;
		};
		F6DD1F3E2AE1319A00A4BF97 /* Frameworks */ = {
			isa = PBXFrameworksBuildPhase;
			buildActionMask = 2147483647;
			files = (
			);
			runOnlyForDeploymentPostprocessing = 0;
		};
		F6DD1F482AE1319A00A4BF97 /* Frameworks */ = {
			isa = PBXFrameworksBuildPhase;
			buildActionMask = 2147483647;
			files = (
			);
			runOnlyForDeploymentPostprocessing = 0;
		};
/* End PBXFrameworksBuildPhase section */

/* Begin PBXGroup section */
		F624F72C2AE3AD1F00EE58DA /* DetailViewController */ = {
			isa = PBXGroup;
			children = (
				F624F72A2AE3A9A900EE58DA /* ReminderViewController.swift */,
				F624F72D2AE3AD7E00EE58DA /* ReminderViewController+Row.swift */,
				F624F72F2AE3C04F00EE58DA /* ReminderViewController+Section.swift */,
				F624F7322AE3D26200EE58DA /* ReminderViewController+CellConfiguration.swift */,
			);
			path = DetailViewController;
			sourceTree = "<group>";
		};
		F624F7342AE3D57600EE58DA /* ContentViews */ = {
			isa = PBXGroup;
			children = (
				F624F7352AE3D5E400EE58DA /* UIView+PinnedSubview.swift */,
				F624F7372AE3D92500EE58DA /* TextFieldContentView.swift */,
				F624F7392AE3DADF00EE58DA /* UIContentConfiguration+Stateless.swift */,
				F624F73B2AE3E12E00EE58DA /* TextViewContentView.swift */,
				F624F73D2AE3E4A800EE58DA /* DatePickerContentView.swift */,
			);
			path = ContentViews;
			sourceTree = "<group>";
		};
		F62F4C472AE25B6E00DCEE68 /* ListViewController */ = {
			isa = PBXGroup;
			children = (
				F62F4C492AE25BFF00DCEE68 /* ReminderListViewController+DataSource.swift */,
				F6C57D9B2AE2F2A9003C77AD /* ReminderDoneButton.swift */,
				F6C57D9D2AE2F3F2003C77AD /* ReminderListViewController+Actions.swift */,
				F6DD1F322AE1319900A4BF97 /* ReminderListViewController.swift */,
				F6AA60172AE6A22B004B0311 /* ProgressHeaderView.swift */,
			);
			path = ListViewController;
			sourceTree = "<group>";
		};
		F6DD1F222AE1319900A4BF97 = {
			isa = PBXGroup;
			children = (
				F6DD1F2D2AE1319900A4BF97 /* Today */,
				F6DD1F442AE1319A00A4BF97 /* TodayTests */,
				F6DD1F4E2AE1319A00A4BF97 /* TodayUITests */,
				F6DD1F2C2AE1319900A4BF97 /* Products */,
			);
			sourceTree = "<group>";
		};
		F6DD1F2C2AE1319900A4BF97 /* Products */ = {
			isa = PBXGroup;
			children = (
				F6DD1F2B2AE1319900A4BF97 /* Today.app */,
				F6DD1F412AE1319A00A4BF97 /* TodayTests.xctest */,
				F6DD1F4B2AE1319A00A4BF97 /* TodayUITests.xctest */,
			);
			name = Products;
			sourceTree = "<group>";
		};
		F6DD1F2D2AE1319900A4BF97 /* Today */ = {
			isa = PBXGroup;
			children = (
				F624F7342AE3D57600EE58DA /* ContentViews */,
				F6DD1F5E2AE1341700A4BF97 /* Models */,
				F624F72C2AE3AD1F00EE58DA /* DetailViewController */,
				F62F4C472AE25B6E00DCEE68 /* ListViewController */,
				F6DD1F2E2AE1319900A4BF97 /* AppDelegate.swift */,
				F6DD1F302AE1319900A4BF97 /* SceneDelegate.swift */,
				F6DD1F342AE1319900A4BF97 /* Main.storyboard */,
				F6DD1F372AE1319A00A4BF97 /* Assets.xcassets */,
				F6DD1F392AE1319A00A4BF97 /* LaunchScreen.storyboard */,
				F6DD1F3C2AE1319A00A4BF97 /* Info.plist */,
			);
			path = Today;
			sourceTree = "<group>";
		};
		F6DD1F442AE1319A00A4BF97 /* TodayTests */ = {
			isa = PBXGroup;
			children = (
				F6DD1F452AE1319A00A4BF97 /* TodayTests.swift */,
			);
			path = TodayTests;
			sourceTree = "<group>";
		};
		F6DD1F4E2AE1319A00A4BF97 /* TodayUITests */ = {
			isa = PBXGroup;
			children = (
				F6DD1F4F2AE1319A00A4BF97 /* TodayUITests.swift */,
				F6DD1F512AE1319A00A4BF97 /* TodayUITestsLaunchTests.swift */,
			);
			path = TodayUITests;
			sourceTree = "<group>";
		};
		F6DD1F5E2AE1341700A4BF97 /* Models */ = {
			isa = PBXGroup;
			children = (
				F6DD1F5F2AE1343E00A4BF97 /* Reminder.swift */,
				F62F4C432AE248EB00DCEE68 /* Date+Today.swift */,
				F6AA60152AE66069004B0311 /* ReminderListStyle.swift */,
				F6AA60192AE6D09D004B0311 /* CAGradientLayer+ListStyle.swift */,
				F641FA012AE8DF9A00748966 /* TodayError.swift */,
				F641FA032AE8E04800748966 /* EKEventStore+AsyncFetch.swift */,
				F641FA052AE8E26200748966 /* Reminder+EKReminder.swift */,
				F641FA072AE8E37E00748966 /* ReminderStore.swift */,
				F641FA092AE8F7F000748966 /* EKReminder+Reminder.swift */,
			);
			path = Models;
			sourceTree = "<group>";
		};
/* End PBXGroup section */

/* Begin PBXNativeTarget section */
		F6DD1F2A2AE1319900A4BF97 /* Today */ = {
			isa = PBXNativeTarget;
			buildConfigurationList = F6DD1F552AE1319A00A4BF97 /* Build configuration list for PBXNativeTarget "Today" */;
			buildPhases = (
				F6DD1F272AE1319900A4BF97 /* Sources */,
				F6DD1F282AE1319900A4BF97 /* Frameworks */,
				F6DD1F292AE1319900A4BF97 /* Resources */,
			);
			buildRules = (
			);
			dependencies = (
			);
			name = Today;
			productName = Today;
			productReference = F6DD1F2B2AE1319900A4BF97 /* Today.app */;
			productType = "com.apple.product-type.application";
		};
		F6DD1F402AE1319A00A4BF97 /* TodayTests */ = {
			isa = PBXNativeTarget;
			buildConfigurationList = F6DD1F582AE1319A00A4BF97 /* Build configuration list for PBXNativeTarget "TodayTests" */;
			buildPhases = (
				F6DD1F3D2AE1319A00A4BF97 /* Sources */,
				F6DD1F3E2AE1319A00A4BF97 /* Frameworks */,
				F6DD1F3F2AE1319A00A4BF97 /* Resources */,
			);
			buildRules = (
			);
			dependencies = (
				F6DD1F432AE1319A00A4BF97 /* PBXTargetDependency */,
			);
			name = TodayTests;
			productName = TodayTests;
			productReference = F6DD1F412AE1319A00A4BF97 /* TodayTests.xctest */;
			productType = "com.apple.product-type.bundle.unit-test";
		};
		F6DD1F4A2AE1319A00A4BF97 /* TodayUITests */ = {
			isa = PBXNativeTarget;
			buildConfigurationList = F6DD1F5B2AE1319A00A4BF97 /* Build configuration list for PBXNativeTarget "TodayUITests" */;
			buildPhases = (
				F6DD1F472AE1319A00A4BF97 /* Sources */,
				F6DD1F482AE1319A00A4BF97 /* Frameworks */,
				F6DD1F492AE1319A00A4BF97 /* Resources */,
			);
			buildRules = (
			);
			dependencies = (
				F6DD1F4D2AE1319A00A4BF97 /* PBXTargetDependency */,
			);
			name = TodayUITests;
			productName = TodayUITests;
			productReference = F6DD1F4B2AE1319A00A4BF97 /* TodayUITests.xctest */;
			productType = "com.apple.product-type.bundle.ui-testing";
		};
/* End PBXNativeTarget section */

/* Begin PBXProject section */
		F6DD1F232AE1319900A4BF97 /* Project object */ = {
			isa = PBXProject;
			attributes = {
				BuildIndependentTargetsInParallel = 1;
				LastSwiftUpdateCheck = 1500;
				LastUpgradeCheck = 1500;
				TargetAttributes = {
					F6DD1F2A2AE1319900A4BF97 = {
						CreatedOnToolsVersion = 15.0;
					};
					F6DD1F402AE1319A00A4BF97 = {
						CreatedOnToolsVersion = 15.0;
						TestTargetID = F6DD1F2A2AE1319900A4BF97;
					};
					F6DD1F4A2AE1319A00A4BF97 = {
						CreatedOnToolsVersion = 15.0;
						TestTargetID = F6DD1F2A2AE1319900A4BF97;
					};
				};
			};
			buildConfigurationList = F6DD1F262AE1319900A4BF97 /* Build configuration list for PBXProject "Today" */;
			compatibilityVersion = "Xcode 14.0";
			developmentRegion = en;
			hasScannedForEncodings = 0;
			knownRegions = (
				en,
				Base,
			);
			mainGroup = F6DD1F222AE1319900A4BF97;
			productRefGroup = F6DD1F2C2AE1319900A4BF97 /* Products */;
			projectDirPath = "";
			projectRoot = "";
			targets = (
				F6DD1F2A2AE1319900A4BF97 /* Today */,
				F6DD1F402AE1319A00A4BF97 /* TodayTests */,
				F6DD1F4A2AE1319A00A4BF97 /* TodayUITests */,
			);
		};
/* End PBXProject section */

/* Begin PBXResourcesBuildPhase section */
		F6DD1F292AE1319900A4BF97 /* Resources */ = {
			isa = PBXResourcesBuildPhase;
			buildActionMask = 2147483647;
			files = (
				F6DD1F3B2AE1319A00A4BF97 /* LaunchScreen.storyboard in Resources */,
				F6DD1F382AE1319A00A4BF97 /* Assets.xcassets in Resources */,
				F6DD1F362AE1319900A4BF97 /* Main.storyboard in Resources */,
			);
			runOnlyForDeploymentPostprocessing = 0;
		};
		F6DD1F3F2AE1319A00A4BF97 /* Resources */ = {
			isa = PBXResourcesBuildPhase;
			buildActionMask = 2147483647;
			files = (
			);
			runOnlyForDeploymentPostprocessing = 0;
		};
		F6DD1F492AE1319A00A4BF97 /* Resources */ = {
			isa = PBXResourcesBuildPhase;
			buildActionMask = 2147483647;
			files = (
			);
			runOnlyForDeploymentPostprocessing = 0;
		};
/* End PBXResourcesBuildPhase section */

/* Begin PBXSourcesBuildPhase section */
		F6DD1F272AE1319900A4BF97 /* Sources */ = {
			isa = PBXSourcesBuildPhase;
			buildActionMask = 2147483647;
			files = (
				F6C57D9E2AE2F3F2003C77AD /* ReminderListViewController+Actions.swift in Sources */,
				F624F73E2AE3E4A800EE58DA /* DatePickerContentView.swift in Sources */,
				F6DD1F332AE1319900A4BF97 /* ReminderListViewController.swift in Sources */,
				F62F4C442AE248EB00DCEE68 /* Date+Today.swift in Sources */,
				F6DD1F2F2AE1319900A4BF97 /* AppDelegate.swift in Sources */,
				F6AA60182AE6A22B004B0311 /* ProgressHeaderView.swift in Sources */,
				F624F7302AE3C04F00EE58DA /* ReminderViewController+Section.swift in Sources */,
				F624F73A2AE3DADF00EE58DA /* UIContentConfiguration+Stateless.swift in Sources */,
				F624F7332AE3D26200EE58DA /* ReminderViewController+CellConfiguration.swift in Sources */,
				F641FA082AE8E37E00748966 /* ReminderStore.swift in Sources */,
				F641FA022AE8DF9A00748966 /* TodayError.swift in Sources */,
				F641FA062AE8E26200748966 /* Reminder+EKReminder.swift in Sources */,
				F624F72B2AE3A9A900EE58DA /* ReminderViewController.swift in Sources */,
				F6AA60162AE66069004B0311 /* ReminderListStyle.swift in Sources */,
				F641FA0A2AE8F7F000748966 /* EKReminder+Reminder.swift in Sources */,
				F6DD1F312AE1319900A4BF97 /* SceneDelegate.swift in Sources */,
				F624F7362AE3D5E400EE58DA /* UIView+PinnedSubview.swift in Sources */,
				F6AA601A2AE6D09D004B0311 /* CAGradientLayer+ListStyle.swift in Sources */,
				F624F73C2AE3E12E00EE58DA /* TextViewContentView.swift in Sources */,
				F641FA042AE8E04800748966 /* EKEventStore+AsyncFetch.swift in Sources */,
				F624F72E2AE3AD7E00EE58DA /* ReminderViewController+Row.swift in Sources */,
				F6DD1F602AE1343E00A4BF97 /* Reminder.swift in Sources */,
				F6C57D9C2AE2F2A9003C77AD /* ReminderDoneButton.swift in Sources */,
				F624F7382AE3D92500EE58DA /* TextFieldContentView.swift in Sources */,
				F62F4C4A2AE25BFF00DCEE68 /* ReminderListViewController+DataSource.swift in Sources */,
			);
			runOnlyForDeploymentPostprocessing = 0;
		};
		F6DD1F3D2AE1319A00A4BF97 /* Sources */ = {
			isa = PBXSourcesBuildPhase;
			buildActionMask = 2147483647;
			files = (
				F6DD1F462AE1319A00A4BF97 /* TodayTests.swift in Sources */,
			);
			runOnlyForDeploymentPostprocessing = 0;
		};
		F6DD1F472AE1319A00A4BF97 /* Sources */ = {
			isa = PBXSourcesBuildPhase;
			buildActionMask = 2147483647;
			files = (
				F6DD1F522AE1319A00A4BF97 /* TodayUITestsLaunchTests.swift in Sources */,
				F6DD1F502AE1319A00A4BF97 /* TodayUITests.swift in Sources */,
			);
			runOnlyForDeploymentPostprocessing = 0;
		};
/* End PBXSourcesBuildPhase section */

/* Begin PBXTargetDependency section */
		F6DD1F432AE1319A00A4BF97 /* PBXTargetDependency */ = {
			isa = PBXTargetDependency;
			target = F6DD1F2A2AE1319900A4BF97 /* Today */;
			targetProxy = F6DD1F422AE1319A00A4BF97 /* PBXContainerItemProxy */;
		};
		F6DD1F4D2AE1319A00A4BF97 /* PBXTargetDependency */ = {
			isa = PBXTargetDependency;
			target = F6DD1F2A2AE1319900A4BF97 /* Today */;
			targetProxy = F6DD1F4C2AE1319A00A4BF97 /* PBXContainerItemProxy */;
		};
/* End PBXTargetDependency section */

/* Begin PBXVariantGroup section */
		F6DD1F342AE1319900A4BF97 /* Main.storyboard */ = {
			isa = PBXVariantGroup;
			children = (
				F6DD1F352AE1319900A4BF97 /* Base */,
			);
			name = Main.storyboard;
			sourceTree = "<group>";
		};
		F6DD1F392AE1319A00A4BF97 /* LaunchScreen.storyboard */ = {
			isa = PBXVariantGroup;
			children = (
				F6DD1F3A2AE1319A00A4BF97 /* Base */,
			);
			name = LaunchScreen.storyboard;
			sourceTree = "<group>";
		};
/* End PBXVariantGroup section */

/* Begin XCBuildConfiguration section */
		F6DD1F532AE1319A00A4BF97 /* Debug */ = {
			isa = XCBuildConfiguration;
			buildSettings = {
				ALWAYS_SEARCH_USER_PATHS = NO;
				ASSETCATALOG_COMPILER_GENERATE_SWIFT_ASSET_SYMBOL_EXTENSIONS = YES;
				CLANG_ANALYZER_NONNULL = YES;
				CLANG_ANALYZER_NUMBER_OBJECT_CONVERSION = YES_AGGRESSIVE;
				CLANG_CXX_LANGUAGE_STANDARD = "gnu++20";
				CLANG_ENABLE_MODULES = YES;
				CLANG_ENABLE_OBJC_ARC = YES;
				CLANG_ENABLE_OBJC_WEAK = YES;
				CLANG_WARN_BLOCK_CAPTURE_AUTORELEASING = YES;
				CLANG_WARN_BOOL_CONVERSION = YES;
				CLANG_WARN_COMMA = YES;
				CLANG_WARN_CONSTANT_CONVERSION = YES;
				CLANG_WARN_DEPRECATED_OBJC_IMPLEMENTATIONS = YES;
				CLANG_WARN_DIRECT_OBJC_ISA_USAGE = YES_ERROR;
				CLANG_WARN_DOCUMENTATION_COMMENTS = YES;
				CLANG_WARN_EMPTY_BODY = YES;
				CLANG_WARN_ENUM_CONVERSION = YES;
				CLANG_WARN_INFINITE_RECURSION = YES;
				CLANG_WARN_INT_CONVERSION = YES;
				CLANG_WARN_NON_LITERAL_NULL_CONVERSION = YES;
				CLANG_WARN_OBJC_IMPLICIT_RETAIN_SELF = YES;
				CLANG_WARN_OBJC_LITERAL_CONVERSION = YES;
				CLANG_WARN_OBJC_ROOT_CLASS = YES_ERROR;
				CLANG_WARN_QUOTED_INCLUDE_IN_FRAMEWORK_HEADER = YES;
				CLANG_WARN_RANGE_LOOP_ANALYSIS = YES;
				CLANG_WARN_STRICT_PROTOTYPES = YES;
				CLANG_WARN_SUSPICIOUS_MOVE = YES;
				CLANG_WARN_UNGUARDED_AVAILABILITY = YES_AGGRESSIVE;
				CLANG_WARN_UNREACHABLE_CODE = YES;
				CLANG_WARN__DUPLICATE_METHOD_MATCH = YES;
				COPY_PHASE_STRIP = NO;
				DEBUG_INFORMATION_FORMAT = dwarf;
				ENABLE_STRICT_OBJC_MSGSEND = YES;
				ENABLE_TESTABILITY = YES;
				ENABLE_USER_SCRIPT_SANDBOXING = YES;
				GCC_C_LANGUAGE_STANDARD = gnu17;
				GCC_DYNAMIC_NO_PIC = NO;
				GCC_NO_COMMON_BLOCKS = YES;
				GCC_OPTIMIZATION_LEVEL = 0;
				GCC_PREPROCESSOR_DEFINITIONS = (
					"DEBUG=1",
					"$(inherited)",
				);
				GCC_WARN_64_TO_32_BIT_CONVERSION = YES;
				GCC_WARN_ABOUT_RETURN_TYPE = YES_ERROR;
				GCC_WARN_UNDECLARED_SELECTOR = YES;
				GCC_WARN_UNINITIALIZED_AUTOS = YES_AGGRESSIVE;
				GCC_WARN_UNUSED_FUNCTION = YES;
				GCC_WARN_UNUSED_VARIABLE = YES;
				IPHONEOS_DEPLOYMENT_TARGET = 17.0;
				LOCALIZATION_PREFERS_STRING_CATALOGS = YES;
				MTL_ENABLE_DEBUG_INFO = INCLUDE_SOURCE;
				MTL_FAST_MATH = YES;
				ONLY_ACTIVE_ARCH = YES;
				SDKROOT = iphoneos;
				SWIFT_ACTIVE_COMPILATION_CONDITIONS = "DEBUG $(inherited)";
				SWIFT_OPTIMIZATION_LEVEL = "-Onone";
			};
			name = Debug;
		};
		F6DD1F542AE1319A00A4BF97 /* Release */ = {
			isa = XCBuildConfiguration;
			buildSettings = {
				ALWAYS_SEARCH_USER_PATHS = NO;
				ASSETCATALOG_COMPILER_GENERATE_SWIFT_ASSET_SYMBOL_EXTENSIONS = YES;
				CLANG_ANALYZER_NONNULL = YES;
				CLANG_ANALYZER_NUMBER_OBJECT_CONVERSION = YES_AGGRESSIVE;
				CLANG_CXX_LANGUAGE_STANDARD = "gnu++20";
				CLANG_ENABLE_MODULES = YES;
				CLANG_ENABLE_OBJC_ARC = YES;
				CLANG_ENABLE_OBJC_WEAK = YES;
				CLANG_WARN_BLOCK_CAPTURE_AUTORELEASING = YES;
				CLANG_WARN_BOOL_CONVERSION = YES;
				CLANG_WARN_COMMA = YES;
				CLANG_WARN_CONSTANT_CONVERSION = YES;
				CLANG_WARN_DEPRECATED_OBJC_IMPLEMENTATIONS = YES;
				CLANG_WARN_DIRECT_OBJC_ISA_USAGE = YES_ERROR;
				CLANG_WARN_DOCUMENTATION_COMMENTS = YES;
				CLANG_WARN_EMPTY_BODY = YES;
				CLANG_WARN_ENUM_CONVERSION = YES;
				CLANG_WARN_INFINITE_RECURSION = YES;
				CLANG_WARN_INT_CONVERSION = YES;
				CLANG_WARN_NON_LITERAL_NULL_CONVERSION = YES;
				CLANG_WARN_OBJC_IMPLICIT_RETAIN_SELF = YES;
				CLANG_WARN_OBJC_LITERAL_CONVERSION = YES;
				CLANG_WARN_OBJC_ROOT_CLASS = YES_ERROR;
				CLANG_WARN_QUOTED_INCLUDE_IN_FRAMEWORK_HEADER = YES;
				CLANG_WARN_RANGE_LOOP_ANALYSIS = YES;
				CLANG_WARN_STRICT_PROTOTYPES = YES;
				CLANG_WARN_SUSPICIOUS_MOVE = YES;
				CLANG_WARN_UNGUARDED_AVAILABILITY = YES_AGGRESSIVE;
				CLANG_WARN_UNREACHABLE_CODE = YES;
				CLANG_WARN__DUPLICATE_METHOD_MATCH = YES;
				COPY_PHASE_STRIP = NO;
				DEBUG_INFORMATION_FORMAT = "dwarf-with-dsym";
				ENABLE_NS_ASSERTIONS = NO;
				ENABLE_STRICT_OBJC_MSGSEND = YES;
				ENABLE_USER_SCRIPT_SANDBOXING = YES;
				GCC_C_LANGUAGE_STANDARD = gnu17;
				GCC_NO_COMMON_BLOCKS = YES;
				GCC_WARN_64_TO_32_BIT_CONVERSION = YES;
				GCC_WARN_ABOUT_RETURN_TYPE = YES_ERROR;
				GCC_WARN_UNDECLARED_SELECTOR = YES;
				GCC_WARN_UNINITIALIZED_AUTOS = YES_AGGRESSIVE;
				GCC_WARN_UNUSED_FUNCTION = YES;
				GCC_WARN_UNUSED_VARIABLE = YES;
				IPHONEOS_DEPLOYMENT_TARGET = 17.0;
				LOCALIZATION_PREFERS_STRING_CATALOGS = YES;
				MTL_ENABLE_DEBUG_INFO = NO;
				MTL_FAST_MATH = YES;
				SDKROOT = iphoneos;
				SWIFT_COMPILATION_MODE = wholemodule;
				VALIDATE_PRODUCT = YES;
			};
			name = Release;
		};
		F6DD1F562AE1319A00A4BF97 /* Debug */ = {
			isa = XCBuildConfiguration;
			buildSettings = {
				ASSETCATALOG_COMPILER_APPICON_NAME = AppIcon;
				ASSETCATALOG_COMPILER_GLOBAL_ACCENT_COLOR_NAME = AccentColor;
				CODE_SIGN_STYLE = Automatic;
				CURRENT_PROJECT_VERSION = 1;
				DEVELOPMENT_TEAM = 3P83K7458R;
				GENERATE_INFOPLIST_FILE = YES;
				INFOPLIST_FILE = Today/Info.plist;
				INFOPLIST_KEY_NSRemindersUsageDescription = "Your reminders can help you stay on track.";
				INFOPLIST_KEY_UIApplicationSupportsIndirectInputEvents = YES;
				INFOPLIST_KEY_UILaunchStoryboardName = LaunchScreen;
				INFOPLIST_KEY_UIMainStoryboardFile = Main;
				INFOPLIST_KEY_UISupportedInterfaceOrientations_iPad = "UIInterfaceOrientationPortrait UIInterfaceOrientationPortraitUpsideDown UIInterfaceOrientationLandscapeLeft UIInterfaceOrientationLandscapeRight";
				INFOPLIST_KEY_UISupportedInterfaceOrientations_iPhone = "UIInterfaceOrientationPortrait UIInterfaceOrientationLandscapeLeft UIInterfaceOrientationLandscapeRight";
				LD_RUNPATH_SEARCH_PATHS = (
					"$(inherited)",
					"@executable_path/Frameworks",
				);
				MARKETING_VERSION = 1.0;
				PRODUCT_BUNDLE_IDENTIFIER = test.Today;
				PRODUCT_NAME = "$(TARGET_NAME)";
				SWIFT_EMIT_LOC_STRINGS = YES;
				SWIFT_VERSION = 5.0;
				TARGETED_DEVICE_FAMILY = "1,2";
			};
			name = Debug;
		};
		F6DD1F572AE1319A00A4BF97 /* Release */ = {
			isa = XCBuildConfiguration;
			buildSettings = {
				ASSETCATALOG_COMPILER_APPICON_NAME = AppIcon;
				ASSETCATALOG_COMPILER_GLOBAL_ACCENT_COLOR_NAME = AccentColor;
				CODE_SIGN_STYLE = Automatic;
				CURRENT_PROJECT_VERSION = 1;
				DEVELOPMENT_TEAM = 3P83K7458R;
				GENERATE_INFOPLIST_FILE = YES;
				INFOPLIST_FILE = Today/Info.plist;
				INFOPLIST_KEY_NSRemindersUsageDescription = "Your reminders can help you stay on track.";
				INFOPLIST_KEY_UIApplicationSupportsIndirectInputEvents = YES;
				INFOPLIST_KEY_UILaunchStoryboardName = LaunchScreen;
				INFOPLIST_KEY_UIMainStoryboardFile = Main;
				INFOPLIST_KEY_UISupportedInterfaceOrientations_iPad = "UIInterfaceOrientationPortrait UIInterfaceOrientationPortraitUpsideDown UIInterfaceOrientationLandscapeLeft UIInterfaceOrientationLandscapeRight";
				INFOPLIST_KEY_UISupportedInterfaceOrientations_iPhone = "UIInterfaceOrientationPortrait UIInterfaceOrientationLandscapeLeft UIInterfaceOrientationLandscapeRight";
				LD_RUNPATH_SEARCH_PATHS = (
					"$(inherited)",
					"@executable_path/Frameworks",
				);
				MARKETING_VERSION = 1.0;
				PRODUCT_BUNDLE_IDENTIFIER = test.Today;
				PRODUCT_NAME = "$(TARGET_NAME)";
				SWIFT_EMIT_LOC_STRINGS = YES;
				SWIFT_VERSION = 5.0;
				TARGETED_DEVICE_FAMILY = "1,2";
			};
			name = Release;
		};
		F6DD1F592AE1319A00A4BF97 /* Debug */ = {
			isa = XCBuildConfiguration;
			buildSettings = {
				ALWAYS_EMBED_SWIFT_STANDARD_LIBRARIES = YES;
				BUNDLE_LOADER = "$(TEST_HOST)";
				CODE_SIGN_STYLE = Automatic;
				CURRENT_PROJECT_VERSION = 1;
				DEVELOPMENT_TEAM = 3P83K7458R;
				GENERATE_INFOPLIST_FILE = YES;
				IPHONEOS_DEPLOYMENT_TARGET = 17.0;
				MARKETING_VERSION = 1.0;
				PRODUCT_BUNDLE_IDENTIFIER = test.TodayTests;
				PRODUCT_NAME = "$(TARGET_NAME)";
				SWIFT_EMIT_LOC_STRINGS = NO;
				SWIFT_VERSION = 5.0;
				TARGETED_DEVICE_FAMILY = "1,2";
				TEST_HOST = "$(BUILT_PRODUCTS_DIR)/Today.app/$(BUNDLE_EXECUTABLE_FOLDER_PATH)/Today";
			};
			name = Debug;
		};
		F6DD1F5A2AE1319A00A4BF97 /* Release */ = {
			isa = XCBuildConfiguration;
			buildSettings = {
				ALWAYS_EMBED_SWIFT_STANDARD_LIBRARIES = YES;
				BUNDLE_LOADER = "$(TEST_HOST)";
				CODE_SIGN_STYLE = Automatic;
				CURRENT_PROJECT_VERSION = 1;
				DEVELOPMENT_TEAM = 3P83K7458R;
				GENERATE_INFOPLIST_FILE = YES;
				IPHONEOS_DEPLOYMENT_TARGET = 17.0;
				MARKETING_VERSION = 1.0;
				PRODUCT_BUNDLE_IDENTIFIER = test.TodayTests;
				PRODUCT_NAME = "$(TARGET_NAME)";
				SWIFT_EMIT_LOC_STRINGS = NO;
				SWIFT_VERSION = 5.0;
				TARGETED_DEVICE_FAMILY = "1,2";
				TEST_HOST = "$(BUILT_PRODUCTS_DIR)/Today.app/$(BUNDLE_EXECUTABLE_FOLDER_PATH)/Today";
			};
			name = Release;
		};
		F6DD1F5C2AE1319A00A4BF97 /* Debug */ = {
			isa = XCBuildConfiguration;
			buildSettings = {
				ALWAYS_EMBED_SWIFT_STANDARD_LIBRARIES = YES;
				CODE_SIGN_STYLE = Automatic;
				CURRENT_PROJECT_VERSION = 1;
				DEVELOPMENT_TEAM = 3P83K7458R;
				GENERATE_INFOPLIST_FILE = YES;
				MARKETING_VERSION = 1.0;
				PRODUCT_BUNDLE_IDENTIFIER = test.TodayUITests;
				PRODUCT_NAME = "$(TARGET_NAME)";
				SWIFT_EMIT_LOC_STRINGS = NO;
				SWIFT_VERSION = 5.0;
				TARGETED_DEVICE_FAMILY = "1,2";
				TEST_TARGET_NAME = Today;
			};
			name = Debug;
		};
		F6DD1F5D2AE1319A00A4BF97 /* Release */ = {
			isa = XCBuildConfiguration;
			buildSettings = {
				ALWAYS_EMBED_SWIFT_STANDARD_LIBRARIES = YES;
				CODE_SIGN_STYLE = Automatic;
				CURRENT_PROJECT_VERSION = 1;
				DEVELOPMENT_TEAM = 3P83K7458R;
				GENERATE_INFOPLIST_FILE = YES;
				MARKETING_VERSION = 1.0;
				PRODUCT_BUNDLE_IDENTIFIER = test.TodayUITests;
				PRODUCT_NAME = "$(TARGET_NAME)";
				SWIFT_EMIT_LOC_STRINGS = NO;
				SWIFT_VERSION = 5.0;
				TARGETED_DEVICE_FAMILY = "1,2";
				TEST_TARGET_NAME = Today;
			};
			name = Release;
		};
/* End XCBuildConfiguration section */

/* Begin XCConfigurationList section */
		F6DD1F262AE1319900A4BF97 /* Build configuration list for PBXProject "Today" */ = {
			isa = XCConfigurationList;
			buildConfigurations = (
				F6DD1F532AE1319A00A4BF97 /* Debug */,
				F6DD1F542AE1319A00A4BF97 /* Release */,
			);
			defaultConfigurationIsVisible = 0;
			defaultConfigurationName = Release;
		};
		F6DD1F552AE1319A00A4BF97 /* Build configuration list for PBXNativeTarget "Today" */ = {
			isa = XCConfigurationList;
			buildConfigurations = (
				F6DD1F562AE1319A00A4BF97 /* Debug */,
				F6DD1F572AE1319A00A4BF97 /* Release */,
			);
			defaultConfigurationIsVisible = 0;
			defaultConfigurationName = Release;
		};
		F6DD1F582AE1319A00A4BF97 /* Build configuration list for PBXNativeTarget "TodayTests" */ = {
			isa = XCConfigurationList;
			buildConfigurations = (
				F6DD1F592AE1319A00A4BF97 /* Debug */,
				F6DD1F5A2AE1319A00A4BF97 /* Release */,
			);
			defaultConfigurationIsVisible = 0;
			defaultConfigurationName = Release;
		};
		F6DD1F5B2AE1319A00A4BF97 /* Build configuration list for PBXNativeTarget "TodayUITests" */ = {
			isa = XCConfigurationList;
			buildConfigurations = (
				F6DD1F5C2AE1319A00A4BF97 /* Debug */,
				F6DD1F5D2AE1319A00A4BF97 /* Release */,
			);
			defaultConfigurationIsVisible = 0;
			defaultConfigurationName = Release;
		};
/* End XCConfigurationList section */
	};
	rootObject = F6DD1F232AE1319900A4BF97 /* Project object */;
}
